
Microsoft Visual Studio Solution File, Format Version 12.00
# Visual Studio 15
VisualStudioVersion = 15.0.26730.10
MinimumVisualStudioVersion = 10.0.40219.1
Project("{FAE04EC0-301F-11D3-BF4B-00C04F79EFBC}") = "XamarinPhoneword.Android", "XamarinPhoneword\XamarinPhoneword.Android\XamarinPhoneword.Android.csproj", "{5302AFBF-5B34-4885-934B-509ABE1C2A3F}"
EndProject
Project("{FAE04EC0-301F-11D3-BF4B-00C04F79EFBC}") = "XamarinPhoneword", "XamarinPhoneword\XamarinPhoneword\XamarinPhoneword.csproj", "{0F52E4BF-3799-43B6-B346-63C04D61D4EC}"
EndProject
Project("{FAE04EC0-301F-11D3-BF4B-00C04F79EFBC}") = "XamarinPhoneword.UWP", "XamarinPhoneword\XamarinPhoneword.UWP\XamarinPhoneword.UWP.csproj", "{5F1DD2F9-A6F2-4D85-8B43-0BC84D5D385E}"
EndProject
Project("{FAE04EC0-301F-11D3-BF4B-00C04F79EFBC}") = "XamarinPhoneword.iOS", "XamarinPhoneword\XamarinPhoneword.iOS\XamarinPhoneword.iOS.csproj", "{69DDCC16-028D-496F-B639-F893840154E0}"
EndProject
Global
	GlobalSection(SolutionConfigurationPlatforms) = preSolution
		Ad-Hoc|Any CPU = Ad-Hoc|Any CPU
		Ad-Hoc|ARM = Ad-Hoc|ARM
		Ad-Hoc|iPhone = Ad-Hoc|iPhone
		Ad-Hoc|iPhoneSimulator = Ad-Hoc|iPhoneSimulator
		Ad-Hoc|x64 = Ad-Hoc|x64
		Ad-Hoc|x86 = Ad-Hoc|x86
		AppStore|Any CPU = AppStore|Any CPU
		AppStore|ARM = AppStore|ARM
		AppStore|iPhone = AppStore|iPhone
		AppStore|iPhoneSimulator = AppStore|iPhoneSimulator
		AppStore|x64 = AppStore|x64
		AppStore|x86 = AppStore|x86
		Debug|Any CPU = Debug|Any CPU
		Debug|ARM = Debug|ARM
		Debug|iPhone = Debug|iPhone
		Debug|iPhoneSimulator = Debug|iPhoneSimulator
		Debug|x64 = Debug|x64
		Debug|x86 = Debug|x86
		Release|Any CPU = Release|Any CPU
		Release|ARM = Release|ARM
		Release|iPhone = Release|iPhone
		Release|iPhoneSimulator = Release|iPhoneSimulator
		Release|x64 = Release|x64
		Release|x86 = Release|x86
	EndGlobalSection
	GlobalSection(ProjectConfigurationPlatforms) = postSolution
		{5302AFBF-5B34-4885-934B-509ABE1C2A3F}.Ad-Hoc|Any CPU.ActiveCfg = Release|Any CPU
		{5302AFBF-5B34-4885-934B-509ABE1C2A3F}.Ad-Hoc|Any CPU.Build.0 = Release|Any CPU
		{5302AFBF-5B34-4885-934B-509ABE1C2A3F}.Ad-Hoc|Any CPU.Deploy.0 = Release|Any CPU
		{5302AFBF-5B34-4885-934B-509ABE1C2A3F}.Ad-Hoc|ARM.ActiveCfg = Release|Any CPU
		{5302AFBF-5B34-4885-934B-509ABE1C2A3F}.Ad-Hoc|ARM.Build.0 = Release|Any CPU
		{5302AFBF-5B34-4885-934B-509ABE1C2A3F}.Ad-Hoc|ARM.Deploy.0 = Release|Any CPU
		{5302AFBF-5B34-4885-934B-509ABE1C2A3F}.Ad-Hoc|iPhone.ActiveCfg = Release|Any CPU
		{5302AFBF-5B34-4885-934B-509ABE1C2A3F}.Ad-Hoc|iPhone.Build.0 = Release|Any CPU
		{5302AFBF-5B34-4885-934B-509ABE1C2A3F}.Ad-Hoc|iPhone.Deploy.0 = Release|Any CPU
		{5302AFBF-5B34-4885-934B-509ABE1C2A3F}.Ad-Hoc|iPhoneSimulator.ActiveCfg = Release|Any CPU
		{5302AFBF-5B34-4885-934B-509ABE1C2A3F}.Ad-Hoc|iPhoneSimulator.Build.0 = Release|Any CPU
		{5302AFBF-5B34-4885-934B-509ABE1C2A3F}.Ad-Hoc|iPhoneSimulator.Deploy.0 = Release|Any CPU
		{5302AFBF-5B34-4885-934B-509ABE1C2A3F}.Ad-Hoc|x64.ActiveCfg = Release|Any CPU
		{5302AFBF-5B34-4885-934B-509ABE1C2A3F}.Ad-Hoc|x64.Build.0 = Release|Any CPU
		{5302AFBF-5B34-4885-934B-509ABE1C2A3F}.Ad-Hoc|x64.Deploy.0 = Release|Any CPU
		{5302AFBF-5B34-4885-934B-509ABE1C2A3F}.Ad-Hoc|x86.ActiveCfg = Release|Any CPU
		{5302AFBF-5B34-4885-934B-509ABE1C2A3F}.Ad-Hoc|x86.Build.0 = Release|Any CPU
		{5302AFBF-5B34-4885-934B-509ABE1C2A3F}.Ad-Hoc|x86.Deploy.0 = Release|Any CPU
		{5302AFBF-5B34-4885-934B-509ABE1C2A3F}.AppStore|Any CPU.ActiveCfg = Release|Any CPU
		{5302AFBF-5B34-4885-934B-509ABE1C2A3F}.AppStore|Any CPU.Build.0 = Release|Any CPU
		{5302AFBF-5B34-4885-934B-509ABE1C2A3F}.AppStore|Any CPU.Deploy.0 = Release|Any CPU
		{5302AFBF-5B34-4885-934B-509ABE1C2A3F}.AppStore|ARM.ActiveCfg = Release|Any CPU
		{5302AFBF-5B34-4885-934B-509ABE1C2A3F}.AppStore|ARM.Build.0 = Release|Any CPU
		{5302AFBF-5B34-4885-934B-509ABE1C2A3F}.AppStore|ARM.Deploy.0 = Release|Any CPU
		{5302AFBF-5B34-4885-934B-509ABE1C2A3F}.AppStore|iPhone.ActiveCfg = Release|Any CPU
		{5302AFBF-5B34-4885-934B-509ABE1C2A3F}.AppStore|iPhone.Build.0 = Release|Any CPU
		{5302AFBF-5B34-4885-934B-509ABE1C2A3F}.AppStore|iPhone.Deploy.0 = Release|Any CPU
		{5302AFBF-5B34-4885-934B-509ABE1C2A3F}.AppStore|iPhoneSimulator.ActiveCfg = Release|Any CPU
		{5302AFBF-5B34-4885-934B-509ABE1C2A3F}.AppStore|iPhoneSimulator.Build.0 = Release|Any CPU
		{5302AFBF-5B34-4885-934B-509ABE1C2A3F}.AppStore|iPhoneSimulator.Deploy.0 = Release|Any CPU
		{5302AFBF-5B34-4885-934B-509ABE1C2A3F}.AppStore|x64.ActiveCfg = Release|Any CPU
		{5302AFBF-5B34-4885-934B-509ABE1C2A3F}.AppStore|x64.Build.0 = Release|Any CPU
		{5302AFBF-5B34-4885-934B-509ABE1C2A3F}.AppStore|x64.Deploy.0 = Release|Any CPU
		{5302AFBF-5B34-4885-934B-509ABE1C2A3F}.AppStore|x86.ActiveCfg = Release|Any CPU
		{5302AFBF-5B34-4885-934B-509ABE1C2A3F}.AppStore|x86.Build.0 = Release|Any CPU
		{5302AFBF-5B34-4885-934B-509ABE1C2A3F}.AppStore|x86.Deploy.0 = Release|Any CPU
		{5302AFBF-5B34-4885-934B-509ABE1C2A3F}.Debug|Any CPU.ActiveCfg = Debug|Any CPU
		{5302AFBF-5B34-4885-934B-509ABE1C2A3F}.Debug|Any CPU.Build.0 = Debug|Any CPU
		{5302AFBF-5B34-4885-934B-509ABE1C2A3F}.Debug|Any CPU.Deploy.0 = Debug|Any CPU
		{5302AFBF-5B34-4885-934B-509ABE1C2A3F}.Debug|ARM.ActiveCfg = Debug|Any CPU
		{5302AFBF-5B34-4885-934B-509ABE1C2A3F}.Debug|ARM.Build.0 = Debug|Any CPU
		{5302AFBF-5B34-4885-934B-509ABE1C2A3F}.Debug|ARM.Deploy.0 = Debug|Any CPU
		{5302AFBF-5B34-4885-934B-509ABE1C2A3F}.Debug|iPhone.ActiveCfg = Debug|Any CPU
		{5302AFBF-5B34-4885-934B-509ABE1C2A3F}.Debug|iPhone.Build.0 = Debug|Any CPU
		{5302AFBF-5B34-4885-934B-509ABE1C2A3F}.Debug|iPhone.Deploy.0 = Debug|Any CPU
		{5302AFBF-5B34-4885-934B-509ABE1C2A3F}.Debug|iPhoneSimulator.ActiveCfg = Debug|Any CPU
		{5302AFBF-5B34-4885-934B-509ABE1C2A3F}.Debug|iPhoneSimulator.Build.0 = Debug|Any CPU
		{5302AFBF-5B34-4885-934B-509ABE1C2A3F}.Debug|iPhoneSimulator.Deploy.0 = Debug|Any CPU
		{5302AFBF-5B34-4885-934B-509ABE1C2A3F}.Debug|x64.ActiveCfg = Debug|Any CPU
		{5302AFBF-5B34-4885-934B-509ABE1C2A3F}.Debug|x64.Build.0 = Debug|Any CPU
		{5302AFBF-5B34-4885-934B-509ABE1C2A3F}.Debug|x64.Deploy.0 = Debug|Any CPU
		{5302AFBF-5B34-4885-934B-509ABE1C2A3F}.Debug|x86.ActiveCfg = Debug|Any CPU
		{5302AFBF-5B34-4885-934B-509ABE1C2A3F}.Debug|x86.Build.0 = Debug|Any CPU
		{5302AFBF-5B34-4885-934B-509ABE1C2A3F}.Debug|x86.Deploy.0 = Debug|Any CPU
		{5302AFBF-5B34-4885-934B-509ABE1C2A3F}.Release|Any CPU.ActiveCfg = Release|Any CPU
		{5302AFBF-5B34-4885-934B-509ABE1C2A3F}.Release|Any CPU.Build.0 = Release|Any CPU
		{5302AFBF-5B34-4885-934B-509ABE1C2A3F}.Release|Any CPU.Deploy.0 = Release|Any CPU
		{5302AFBF-5B34-4885-934B-509ABE1C2A3F}.Release|ARM.ActiveCfg = Release|Any CPU
		{5302AFBF-5B34-4885-934B-509ABE1C2A3F}.Release|ARM.Build.0 = Release|Any CPU
		{5302AFBF-5B34-4885-934B-509ABE1C2A3F}.Release|ARM.Deploy.0 = Release|Any CPU
		{5302AFBF-5B34-4885-934B-509ABE1C2A3F}.Release|iPhone.ActiveCfg = Release|Any CPU
		{5302AFBF-5B34-4885-934B-509ABE1C2A3F}.Release|iPhone.Build.0 = Release|Any CPU
		{5302AFBF-5B34-4885-934B-509ABE1C2A3F}.Release|iPhone.Deploy.0 = Release|Any CPU
		{5302AFBF-5B34-4885-934B-509ABE1C2A3F}.Release|iPhoneSimulator.ActiveCfg = Release|Any CPU
		{5302AFBF-5B34-4885-934B-509ABE1C2A3F}.Release|iPhoneSimulator.Build.0 = Release|Any CPU
		{5302AFBF-5B34-4885-934B-509ABE1C2A3F}.Release|iPhoneSimulator.Deploy.0 = Release|Any CPU
		{5302AFBF-5B34-4885-934B-509ABE1C2A3F}.Release|x64.ActiveCfg = Release|Any CPU
		{5302AFBF-5B34-4885-934B-509ABE1C2A3F}.Release|x64.Build.0 = Release|Any CPU
		{5302AFBF-5B34-4885-934B-509ABE1C2A3F}.Release|x64.Deploy.0 = Release|Any CPU
		{5302AFBF-5B34-4885-934B-509ABE1C2A3F}.Release|x86.ActiveCfg = Release|Any CPU
		{5302AFBF-5B34-4885-934B-509ABE1C2A3F}.Release|x86.Build.0 = Release|Any CPU
		{5302AFBF-5B34-4885-934B-509ABE1C2A3F}.Release|x86.Deploy.0 = Release|Any CPU
		{0F52E4BF-3799-43B6-B346-63C04D61D4EC}.Ad-Hoc|Any CPU.ActiveCfg = Release|Any CPU
		{0F52E4BF-3799-43B6-B346-63C04D61D4EC}.Ad-Hoc|Any CPU.Build.0 = Release|Any CPU
		{0F52E4BF-3799-43B6-B346-63C04D61D4EC}.Ad-Hoc|ARM.ActiveCfg = Release|Any CPU
		{0F52E4BF-3799-43B6-B346-63C04D61D4EC}.Ad-Hoc|ARM.Build.0 = Release|Any CPU
		{0F52E4BF-3799-43B6-B346-63C04D61D4EC}.Ad-Hoc|iPhone.ActiveCfg = Release|Any CPU
		{0F52E4BF-3799-43B6-B346-63C04D61D4EC}.Ad-Hoc|iPhone.Build.0 = Release|Any CPU
		{0F52E4BF-3799-43B6-B346-63C04D61D4EC}.Ad-Hoc|iPhoneSimulator.ActiveCfg = Release|Any CPU
		{0F52E4BF-3799-43B6-B346-63C04D61D4EC}.Ad-Hoc|iPhoneSimulator.Build.0 = Release|Any CPU
		{0F52E4BF-3799-43B6-B346-63C04D61D4EC}.Ad-Hoc|x64.ActiveCfg = Release|Any CPU
		{0F52E4BF-3799-43B6-B346-63C04D61D4EC}.Ad-Hoc|x64.Build.0 = Release|Any CPU
		{0F52E4BF-3799-43B6-B346-63C04D61D4EC}.Ad-Hoc|x86.ActiveCfg = Release|Any CPU
		{0F52E4BF-3799-43B6-B346-63C04D61D4EC}.Ad-Hoc|x86.Build.0 = Release|Any CPU
		{0F52E4BF-3799-43B6-B346-63C04D61D4EC}.AppStore|Any CPU.ActiveCfg = Release|Any CPU
		{0F52E4BF-3799-43B6-B346-63C04D61D4EC}.AppStore|Any CPU.Build.0 = Release|Any CPU
		{0F52E4BF-3799-43B6-B346-63C04D61D4EC}.AppStore|ARM.ActiveCfg = Release|Any CPU
		{0F52E4BF-3799-43B6-B346-63C04D61D4EC}.AppStore|ARM.Build.0 = Release|Any CPU
		{0F52E4BF-3799-43B6-B346-63C04D61D4EC}.AppStore|iPhone.ActiveCfg = Release|Any CPU
		{0F52E4BF-3799-43B6-B346-63C04D61D4EC}.AppStore|iPhone.Build.0 = Release|Any CPU
		{0F52E4BF-3799-43B6-B346-63C04D61D4EC}.AppStore|iPhoneSimulator.ActiveCfg = Release|Any CPU
		{0F52E4BF-3799-43B6-B346-63C04D61D4EC}.AppStore|iPhoneSimulator.Build.0 = Release|Any CPU
		{0F52E4BF-3799-43B6-B346-63C04D61D4EC}.AppStore|x64.ActiveCfg = Release|Any CPU
		{0F52E4BF-3799-43B6-B346-63C04D61D4EC}.AppStore|x64.Build.0 = Release|Any CPU
		{0F52E4BF-3799-43B6-B346-63C04D61D4EC}.AppStore|x86.ActiveCfg = Release|Any CPU
		{0F52E4BF-3799-43B6-B346-63C04D61D4EC}.AppStore|x86.Build.0 = Release|Any CPU
		{0F52E4BF-3799-43B6-B346-63C04D61D4EC}.Debug|Any CPU.ActiveCfg = Debug|Any CPU
		{0F52E4BF-3799-43B6-B346-63C04D61D4EC}.Debug|Any CPU.Build.0 = Debug|Any CPU
		{0F52E4BF-3799-43B6-B346-63C04D61D4EC}.Debug|ARM.ActiveCfg = Debug|Any CPU
		{0F52E4BF-3799-43B6-B346-63C04D61D4EC}.Debug|ARM.Build.0 = Debug|Any CPU
		{0F52E4BF-3799-43B6-B346-63C04D61D4EC}.Debug|iPhone.ActiveCfg = Debug|Any CPU
		{0F52E4BF-3799-43B6-B346-63C04D61D4EC}.Debug|iPhone.Build.0 = Debug|Any CPU
		{0F52E4BF-3799-43B6-B346-63C04D61D4EC}.Debug|iPhoneSimulator.ActiveCfg = Debug|Any CPU
		{0F52E4BF-3799-43B6-B346-63C04D61D4EC}.Debug|iPhoneSimulator.Build.0 = Debug|Any CPU
		{0F52E4BF-3799-43B6-B346-63C04D61D4EC}.Debug|x64.ActiveCfg = Debug|Any CPU
		{0F52E4BF-3799-43B6-B346-63C04D61D4EC}.Debug|x64.Build.0 = Debug|Any CPU
		{0F52E4BF-3799-43B6-B346-63C04D61D4EC}.Debug|x86.ActiveCfg = Debug|Any CPU
		{0F52E4BF-3799-43B6-B346-63C04D61D4EC}.Debug|x86.Build.0 = Debug|Any CPU
		{0F52E4BF-3799-43B6-B346-63C04D61D4EC}.Release|Any CPU.ActiveCfg = Release|Any CPU
		{0F52E4BF-3799-43B6-B346-63C04D61D4EC}.Release|Any CPU.Build.0 = Release|Any CPU
		{0F52E4BF-3799-43B6-B346-63C04D61D4EC}.Release|ARM.ActiveCfg = Release|Any CPU
		{0F52E4BF-3799-43B6-B346-63C04D61D4EC}.Release|ARM.Build.0 = Release|Any CPU
		{0F52E4BF-3799-43B6-B346-63C04D61D4EC}.Release|iPhone.ActiveCfg = Release|Any CPU
		{0F52E4BF-3799-43B6-B346-63C04D61D4EC}.Release|iPhone.Build.0 = Release|Any CPU
		{0F52E4BF-3799-43B6-B346-63C04D61D4EC}.Release|iPhoneSimulator.ActiveCfg = Release|Any CPU
		{0F52E4BF-3799-43B6-B346-63C04D61D4EC}.Release|iPhoneSimulator.Build.0 = Release|Any CPU
		{0F52E4BF-3799-43B6-B346-63C04D61D4EC}.Release|x64.ActiveCfg = Release|Any CPU
		{0F52E4BF-3799-43B6-B346-63C04D61D4EC}.Release|x64.Build.0 = Release|Any CPU
		{0F52E4BF-3799-43B6-B346-63C04D61D4EC}.Release|x86.ActiveCfg = Release|Any CPU
		{0F52E4BF-3799-43B6-B346-63C04D61D4EC}.Release|x86.Build.0 = Release|Any CPU
		{5F1DD2F9-A6F2-4D85-8B43-0BC84D5D385E}.Ad-Hoc|Any CPU.ActiveCfg = Release|x86
		{5F1DD2F9-A6F2-4D85-8B43-0BC84D5D385E}.Ad-Hoc|Any CPU.Build.0 = Release|x86
		{5F1DD2F9-A6F2-4D85-8B43-0BC84D5D385E}.Ad-Hoc|Any CPU.Deploy.0 = Release|x86
		{5F1DD2F9-A6F2-4D85-8B43-0BC84D5D385E}.Ad-Hoc|ARM.ActiveCfg = Release|ARM
		{5F1DD2F9-A6F2-4D85-8B43-0BC84D5D385E}.Ad-Hoc|ARM.Build.0 = Release|ARM
		{5F1DD2F9-A6F2-4D85-8B43-0BC84D5D385E}.Ad-Hoc|ARM.Deploy.0 = Release|ARM
		{5F1DD2F9-A6F2-4D85-8B43-0BC84D5D385E}.Ad-Hoc|iPhone.ActiveCfg = Release|x86
		{5F1DD2F9-A6F2-4D85-8B43-0BC84D5D385E}.Ad-Hoc|iPhone.Build.0 = Release|x86
		{5F1DD2F9-A6F2-4D85-8B43-0BC84D5D385E}.Ad-Hoc|iPhone.Deploy.0 = Release|x86
		{5F1DD2F9-A6F2-4D85-8B43-0BC84D5D385E}.Ad-Hoc|iPhoneSimulator.ActiveCfg = Release|x86
		{5F1DD2F9-A6F2-4D85-8B43-0BC84D5D385E}.Ad-Hoc|iPhoneSimulator.Build.0 = Release|x86
		{5F1DD2F9-A6F2-4D85-8B43-0BC84D5D385E}.Ad-Hoc|iPhoneSimulator.Deploy.0 = Release|x86
		{5F1DD2F9-A6F2-4D85-8B43-0BC84D5D385E}.Ad-Hoc|x64.ActiveCfg = Release|x64
		{5F1DD2F9-A6F2-4D85-8B43-0BC84D5D385E}.Ad-Hoc|x64.Build.0 = Release|x64
		{5F1DD2F9-A6F2-4D85-8B43-0BC84D5D385E}.Ad-Hoc|x64.Deploy.0 = Release|x64
		{5F1DD2F9-A6F2-4D85-8B43-0BC84D5D385E}.Ad-Hoc|x86.ActiveCfg = Release|x86
		{5F1DD2F9-A6F2-4D85-8B43-0BC84D5D385E}.Ad-Hoc|x86.Build.0 = Release|x86
		{5F1DD2F9-A6F2-4D85-8B43-0BC84D5D385E}.Ad-Hoc|x86.Deploy.0 = Release|x86
		{5F1DD2F9-A6F2-4D85-8B43-0BC84D5D385E}.AppStore|Any CPU.ActiveCfg = Release|x86
		{5F1DD2F9-A6F2-4D85-8B43-0BC84D5D385E}.AppStore|Any CPU.Build.0 = Release|x86
		{5F1DD2F9-A6F2-4D85-8B43-0BC84D5D385E}.AppStore|Any CPU.Deploy.0 = Release|x86
		{5F1DD2F9-A6F2-4D85-8B43-0BC84D5D385E}.AppStore|ARM.ActiveCfg = Release|ARM
		{5F1DD2F9-A6F2-4D85-8B43-0BC84D5D385E}.AppStore|ARM.Build.0 = Release|ARM
		{5F1DD2F9-A6F2-4D85-8B43-0BC84D5D385E}.AppStore|ARM.Deploy.0 = Release|ARM
		{5F1DD2F9-A6F2-4D85-8B43-0BC84D5D385E}.AppStore|iPhone.ActiveCfg = Release|x86
		{5F1DD2F9-A6F2-4D85-8B43-0BC84D5D385E}.AppStore|iPhone.Build.0 = Release|x86
		{5F1DD2F9-A6F2-4D85-8B43-0BC84D5D385E}.AppStore|iPhone.Deploy.0 = Release|x86
		{5F1DD2F9-A6F2-4D85-8B43-0BC84D5D385E}.AppStore|iPhoneSimulator.ActiveCfg = Release|x86
		{5F1DD2F9-A6F2-4D85-8B43-0BC84D5D385E}.AppStore|iPhoneSimulator.Build.0 = Release|x86
		{5F1DD2F9-A6F2-4D85-8B43-0BC84D5D385E}.AppStore|iPhoneSimulator.Deploy.0 = Release|x86
		{5F1DD2F9-A6F2-4D85-8B43-0BC84D5D385E}.AppStore|x64.ActiveCfg = Release|x64
		{5F1DD2F9-A6F2-4D85-8B43-0BC84D5D385E}.AppStore|x64.Build.0 = Release|x64
		{5F1DD2F9-A6F2-4D85-8B43-0BC84D5D385E}.AppStore|x64.Deploy.0 = Release|x64
		{5F1DD2F9-A6F2-4D85-8B43-0BC84D5D385E}.AppStore|x86.ActiveCfg = Release|x86
		{5F1DD2F9-A6F2-4D85-8B43-0BC84D5D385E}.AppStore|x86.Build.0 = Release|x86
		{5F1DD2F9-A6F2-4D85-8B43-0BC84D5D385E}.AppStore|x86.Deploy.0 = Release|x86
		{5F1DD2F9-A6F2-4D85-8B43-0BC84D5D385E}.Debug|Any CPU.ActiveCfg = Debug|x86
		{5F1DD2F9-A6F2-4D85-8B43-0BC84D5D385E}.Debug|ARM.ActiveCfg = Debug|ARM
		{5F1DD2F9-A6F2-4D85-8B43-0BC84D5D385E}.Debug|ARM.Build.0 = Debug|ARM
		{5F1DD2F9-A6F2-4D85-8B43-0BC84D5D385E}.Debug|ARM.Deploy.0 = Debug|ARM
		{5F1DD2F9-A6F2-4D85-8B43-0BC84D5D385E}.Debug|iPhone.ActiveCfg = Debug|x86
		{5F1DD2F9-A6F2-4D85-8B43-0BC84D5D385E}.Debug|iPhoneSimulator.ActiveCfg = Debug|x86
		{5F1DD2F9-A6F2-4D85-8B43-0BC84D5D385E}.Debug|x64.ActiveCfg = Debug|x64
		{5F1DD2F9-A6F2-4D85-8B43-0BC84D5D385E}.Debug|x64.Build.0 = Debug|x64
		{5F1DD2F9-A6F2-4D85-8B43-0BC84D5D385E}.Debug|x64.Deploy.0 = Debug|x64
		{5F1DD2F9-A6F2-4D85-8B43-0BC84D5D385E}.Debug|x86.ActiveCfg = Debug|x86
		{5F1DD2F9-A6F2-4D85-8B43-0BC84D5D385E}.Debug|x86.Build.0 = Debug|x86
		{5F1DD2F9-A6F2-4D85-8B43-0BC84D5D385E}.Debug|x86.Deploy.0 = Debug|x86
		{5F1DD2F9-A6F2-4D85-8B43-0BC84D5D385E}.Release|Any CPU.ActiveCfg = Release|x86
		{5F1DD2F9-A6F2-4D85-8B43-0BC84D5D385E}.Release|ARM.ActiveCfg = Release|ARM
		{5F1DD2F9-A6F2-4D85-8B43-0BC84D5D385E}.Release|ARM.Build.0 = Release|ARM
		{5F1DD2F9-A6F2-4D85-8B43-0BC84D5D385E}.Release|ARM.Deploy.0 = Release|ARM
		{5F1DD2F9-A6F2-4D85-8B43-0BC84D5D385E}.Release|iPhone.ActiveCfg = Release|x86
		{5F1DD2F9-A6F2-4D85-8B43-0BC84D5D385E}.Release|iPhoneSimulator.ActiveCfg = Release|x86
		{5F1DD2F9-A6F2-4D85-8B43-0BC84D5D385E}.Release|x64.ActiveCfg = Release|x64
		{5F1DD2F9-A6F2-4D85-8B43-0BC84D5D385E}.Release|x64.Build.0 = Release|x64
		{5F1DD2F9-A6F2-4D85-8B43-0BC84D5D385E}.Release|x64.Deploy.0 = Release|x64
		{5F1DD2F9-A6F2-4D85-8B43-0BC84D5D385E}.Release|x86.ActiveCfg = Release|x86
		{5F1DD2F9-A6F2-4D85-8B43-0BC84D5D385E}.Release|x86.Build.0 = Release|x86
		{5F1DD2F9-A6F2-4D85-8B43-0BC84D5D385E}.Release|x86.Deploy.0 = Release|x86
		{69DDCC16-028D-496F-B639-F893840154E0}.Ad-Hoc|Any CPU.ActiveCfg = Ad-Hoc|iPhone
		{69DDCC16-028D-496F-B639-F893840154E0}.Ad-Hoc|ARM.ActiveCfg = Ad-Hoc|iPhone
		{69DDCC16-028D-496F-B639-F893840154E0}.Ad-Hoc|iPhone.ActiveCfg = Ad-Hoc|iPhone
		{69DDCC16-028D-496F-B639-F893840154E0}.Ad-Hoc|iPhone.Build.0 = Ad-Hoc|iPhone
		{69DDCC16-028D-496F-B639-F893840154E0}.Ad-Hoc|iPhoneSimulator.ActiveCfg = Ad-Hoc|iPhoneSimulator
		{69DDCC16-028D-496F-B639-F893840154E0}.Ad-Hoc|iPhoneSimulator.Build.0 = Ad-Hoc|iPhoneSimulator
		{69DDCC16-028D-496F-B639-F893840154E0}.Ad-Hoc|x64.ActiveCfg = Ad-Hoc|iPhone
		{69DDCC16-028D-496F-B639-F893840154E0}.Ad-Hoc|x86.ActiveCfg = Ad-Hoc|iPhone
		{69DDCC16-028D-496F-B639-F893840154E0}.AppStore|Any CPU.ActiveCfg = AppStore|iPhone
		{69DDCC16-028D-496F-B639-F893840154E0}.AppStore|ARM.ActiveCfg = AppStore|iPhone
		{69DDCC16-028D-496F-B639-F893840154E0}.AppStore|iPhone.ActiveCfg = AppStore|iPhone
		{69DDCC16-028D-496F-B639-F893840154E0}.AppStore|iPhone.Build.0 = AppStore|iPhone
		{69DDCC16-028D-496F-B639-F893840154E0}.AppStore|iPhoneSimulator.ActiveCfg = AppStore|iPhoneSimulator
		{69DDCC16-028D-496F-B639-F893840154E0}.AppStore|iPhoneSimulator.Build.0 = AppStore|iPhoneSimulator
		{69DDCC16-028D-496F-B639-F893840154E0}.AppStore|x64.ActiveCfg = AppStore|iPhone
		{69DDCC16-028D-496F-B639-F893840154E0}.AppStore|x86.ActiveCfg = AppStore|iPhone
		{69DDCC16-028D-496F-B639-F893840154E0}.Debug|Any CPU.ActiveCfg = Debug|iPhone
		{69DDCC16-028D-496F-B639-F893840154E0}.Debug|ARM.ActiveCfg = Debug|iPhone
		{69DDCC16-028D-496F-B639-F893840154E0}.Debug|iPhone.ActiveCfg = Debug|iPhone
		{69DDCC16-028D-496F-B639-F893840154E0}.Debug|iPhone.Build.0 = Debug|iPhone
		{69DDCC16-028D-496F-B639-F893840154E0}.Debug|iPhoneSimulator.ActiveCfg = Debug|iPhoneSimulator
		{69DDCC16-028D-496F-B639-F893840154E0}.Debug|iPhoneSimulator.Build.0 = Debug|iPhoneSimulator
		{69DDCC16-028D-496F-B639-F893840154E0}.Debug|x64.ActiveCfg = Debug|iPhone
		{69DDCC16-028D-496F-B639-F893840154E0}.Debug|x86.ActiveCfg = Debug|iPhone
		{69DDCC16-028D-496F-B639-F893840154E0}.Release|Any CPU.ActiveCfg = Release|iPhone
		{69DDCC16-028D-496F-B639-F893840154E0}.Release|ARM.ActiveCfg = Release|iPhone
		{69DDCC16-028D-496F-B639-F893840154E0}.Release|iPhone.ActiveCfg = Release|iPhone
		{69DDCC16-028D-496F-B639-F893840154E0}.Release|iPhone.Build.0 = Release|iPhone
		{69DDCC16-028D-496F-B639-F893840154E0}.Release|iPhoneSimulator.ActiveCfg = Release|iPhoneSimulator
		{69DDCC16-028D-496F-B639-F893840154E0}.Release|iPhoneSimulator.Build.0 = Release|iPhoneSimulator
		{69DDCC16-028D-496F-B639-F893840154E0}.Release|x64.ActiveCfg = Release|iPhone
		{69DDCC16-028D-496F-B639-F893840154E0}.Release|x86.ActiveCfg = Release|iPhone
	EndGlobalSection
	GlobalSection(SolutionProperties) = preSolution
		HideSolutionNode = FALSE
	EndGlobalSection
	GlobalSection(ExtensibilityGlobals) = postSolution
		SolutionGuid = {60CB525D-991F-45A2-94F4-35CEBC914047}
	EndGlobalSection
EndGlobal
